
Microsoft Visual Studio Solution File, Format Version 12.00
# Visual Studio Version 17
VisualStudioVersion = 17.3.32901.215
MinimumVisualStudioVersion = 10.0.40219.1
Project("{C9674DCB-5085-4A16-B785-4C70DD1589BD}") = "PracticaETL1", "PracticaETL1\PracticaETL1.dtproj", "{1B08F1A7-12DC-433B-9CF3-FDC50F03EB69}"
EndProject
Global
	GlobalSection(SolutionConfigurationPlatforms) = preSolution
		Development|Default = Development|Default
	EndGlobalSection
	GlobalSection(ProjectConfigurationPlatforms) = postSolution
		{1B08F1A7-12DC-433B-9CF3-FDC50F03EB69}.Development|Default.ActiveCfg = Development
		{1B08F1A7-12DC-433B-9CF3-FDC50F03EB69}.Development|Default.Build.0 = Development
	EndGlobalSection
	GlobalSection(SolutionProperties) = preSolution
		HideSolutionNode = FALSE
	EndGlobalSection
	GlobalSection(ExtensibilityGlobals) = postSolution
		SolutionGuid = {01795280-4A03-4F25-9920-B7645B383730}
	EndGlobalSection
EndGlobal
